
Microsoft Visual Studio Solution File, Format Version 12.00
# Visual Studio Version 16
VisualStudioVersion = 16.0.30104.148
MinimumVisualStudioVersion = 10.0.40219.1
Project("{FAE04EC0-301F-11D3-BF4B-00C04F79EFBC}") = "storedproceduresApp", "storedproceduresApp.csproj", "{F281E698-E14C-4D25-BC8B-4DA640C1161F}"
EndProject
Global
	GlobalSection(SolutionConfigurationPlatforms) = preSolution
		Debug|Any CPU = Debug|Any CPU
		Release|Any CPU = Release|Any CPU
	EndGlobalSection
	GlobalSection(ProjectConfigurationPlatforms) = postSolution
		{F281E698-E14C-4D25-BC8B-4DA640C1161F}.Debug|Any CPU.ActiveCfg = Debug|Any CPU
		{F281E698-E14C-4D25-BC8B-4DA640C1161F}.Debug|Any CPU.Build.0 = Debug|Any CPU
		{F281E698-E14C-4D25-BC8B-4DA640C1161F}.Release|Any CPU.ActiveCfg = Release|Any CPU
		{F281E698-E14C-4D25-BC8B-4DA640C1161F}.Release|Any CPU.Build.0 = Release|Any CPU
	EndGlobalSection
	GlobalSection(SolutionProperties) = preSolution
		HideSolutionNode = FALSE
	EndGlobalSection
	GlobalSection(ExtensibilityGlobals) = postSolution
		SolutionGuid = {D69A25AB-BBA3-47A9-AA1A-6A78BBCC61D6}
	EndGlobalSection
EndGlobal
